{
  "name": "flot-spline",
  "version": "0.0.1",
  "lockfileVersion": 3,
  "requires": true,
  "packages": {
    "": {
      "name": "flot-spline",
      "version": "0.0.1",
      "license": "SEE LICENSE IN LICENSE",
      "dependencies": {
        "flot-spline": "file:"
      }
    },
    "node_modules/flot-spline": {
      "resolved": "",
      "link": true
    }
  }
}
