{
  "name": "transitionize",
  "version": "0.0.3",
  "lockfileVersion": 3,
  "requires": true,
  "packages": {
    "": {
      "name": "transitionize",
      "version": "0.0.3",
      "license": "MIT",
      "dependencies": {
        "transitionize": "file:"
      },
      "devDependencies": {
        "component": "~0.18.0",
        "uglify-js": "~2.4.8"
      }
    },
    "node_modules/agent-base": {
      "version": "1.0.2",
      "resolved": "https://registry.npmjs.org/agent-base/-/agent-base-1.0.2.tgz",
      "integrity": "sha512-IrdRInle5l28T2DjBsOojXniN91mXYkt9piDyPbPEoA/X+f7kjd0qiIb18vZThIZCJdLk2Zq/ukXxZp8NkcFsw==",
      "dev": true,
      "license": "MIT"
    },
    "node_modules/amdefine": {
      "version": "1.0.1",
      "resolved": "https://registry.npmjs.org/amdefine/-/amdefine-1.0.1.tgz",
      "integrity": "sha512-S2Hw0TtNkMJhIabBwIojKL9YHO5T0n5eNqWJ7Lrlel/zDbftQpxpapi8tZs3X1HWa+u+QeydGmzzNU0m09+Rcg==",
      "dev": true,
      "license": "BSD-3-Clause OR MIT",
      "engines": {
        "node": ">=0.4.2"
      }
    },
    "node_modules/archy": {
      "version": "0.0.2",
      "resolved": "https://registry.npmjs.org/archy/-/archy-0.0.2.tgz",
      "integrity": "sha512-8mMsetjXv4pCPTrMbPPO2cxy9vzJn2jwbd+ug+mf8fEUZG2E78Vo5erJMjrnGuLTKqOLtS5ulFHJSfg1yaCjxA==",
      "dev": true,
      "license": "MIT/X11",
      "engines": {
        "node": "*"
      }
    },
    "node_modules/async": {
      "version": "0.2.10",
      "resolved": "https://registry.npmjs.org/async/-/async-0.2.10.tgz",
      "integrity": "sha512-eAkdoKxU6/LkKDBzLpT+t6Ff5EtfSF4wx1WfJiPEEV7WNLnDaRXk0oVysiEPm262roaachGexwUv94WhSgN5TQ==",
      "dev": true
    },
    "node_modules/batch": {
      "version": "0.3.2",
      "resolved": "https://registry.npmjs.org/batch/-/batch-0.3.2.tgz",
      "integrity": "sha512-TIMqydnQ7j/svdKkp7oovtYKFwxSiLpU8E62A3cVbi9+T8KUlsJSAB7Cg+Z/4ioYGDF4anLfImvpZlUP46TPqQ==",
      "dev": true
    },
    "node_modules/better-assert": {
      "version": "0.1.0",
      "resolved": "https://registry.npmjs.org/better-assert/-/better-assert-0.1.0.tgz",
      "integrity": "sha512-U83vktWGmwjuSPMErA7ztkJHuq0q9sj1qyxggClobyxgl3YPoB+BlflxBnHkEKB64Oxy9tdI6aH9OSouvlNcgQ==",
      "dev": true,
      "dependencies": {
        "callsite": "*"
      },
      "engines": {
        "node": "*"
      }
    },
    "node_modules/callsite": {
      "version": "1.0.0",
      "resolved": "https://registry.npmjs.org/callsite/-/callsite-1.0.0.tgz",
      "integrity": "sha512-0vdNRFXn5q+dtOqjfFtmtlI9N2eVZ7LMyEV2iKC5mEEFvSg/69Ml6b/WU2qF8W1nLRa0wiSrDT3Y5jOHZCwKPQ==",
      "dev": true,
      "engines": {
        "node": "*"
      }
    },
    "node_modules/camelcase": {
      "version": "1.2.1",
      "resolved": "https://registry.npmjs.org/camelcase/-/camelcase-1.2.1.tgz",
      "integrity": "sha512-wzLkDa4K/mzI1OSITC+DUyjgIl/ETNHE9QvYgy6J6Jvqyyz4C0Xfd+lQhb19sX2jMpZV4IssUn0VDVmglV+s4g==",
      "dev": true,
      "license": "MIT",
      "engines": {
        "node": ">=0.10.0"
      }
    },
    "node_modules/commander": {
      "version": "1.0.5",
      "resolved": "https://registry.npmjs.org/commander/-/commander-1.0.5.tgz",
      "integrity": "sha512-Iil6cZ1vitahfQSTrGO3L4v3dtvnfyGpKkXN+aJV9uR24JYxhM9bUfBLat65nU7cIXzOcnkjGtfdCuqaO1caIQ==",
      "dev": true,
      "dependencies": {
        "keypress": "0.1.x"
      },
      "engines": {
        "node": ">= 0.6.x"
      }
    },
    "node_modules/component": {
      "version": "0.18.0",
      "resolved": "https://registry.npmjs.org/component/-/component-0.18.0.tgz",
      "integrity": "sha512-lRWPQu2QdAiARAZUfX/lvP7CXnE/NZB0xTgfWO2S8m8essLEPSNAnMZAc5bHkh2eDj0rP51HID3h5r6weZOWgA==",
      "dev": true,
      "dependencies": {
        "archy": "0.0.2",
        "batch": "0.3.2",
        "commander": "1.0.5",
        "component-builder": "0.10.0",
        "debug": "*",
        "jog": "0.4.0",
        "mkdirp": "0.3.4",
        "netrc": "~0.1.3",
        "open": "0.0.4",
        "rimraf": "~2.1.4",
        "string-to-js": "0.0.1",
        "superagent": "0.15.3",
        "superagent-proxy": "0.0.1",
        "win-fork": "1.0.0"
      },
      "bin": {
        "component": "bin/component",
        "component-build": "bin/component-build",
        "component-changes": "bin/component-changes",
        "component-convert": "bin/component-convert",
        "component-create": "bin/component-create",
        "component-help": "bin/component-help",
        "component-info": "bin/component-info",
        "component-install": "bin/component-install",
        "component-ls": "bin/component-ls",
        "component-search": "bin/component-search",
        "component-wiki": "bin/component-wiki"
      },
      "engines": {
        "node": ">= 0.8.0"
      }
    },
    "node_modules/component-builder": {
      "version": "0.10.0",
      "resolved": "https://registry.npmjs.org/component-builder/-/component-builder-0.10.0.tgz",
      "integrity": "sha512-J5dabmzaO8W3yIs3YNabTn8tU2bMwMVNith5/X8RFOxQZ1nJ+Gg1Cr8w63FRJkN/695/KRrnSXUodSDh7joDqg==",
      "dev": true,
      "dependencies": {
        "batch": "0.2.1",
        "better-assert": "~0.1.0",
        "component-require": "0.3.1",
        "cp": "~0.1.0",
        "debug": "*",
        "mkdirp": "0.3.4",
        "string-to-js": "0.0.1"
      }
    },
    "node_modules/component-builder/node_modules/batch": {
      "version": "0.2.1",
      "resolved": "https://registry.npmjs.org/batch/-/batch-0.2.1.tgz",
      "integrity": "sha512-prVkjDV23cjQy3z89LUFWV96l+VtCvCNk2NBjDTXzssr6G+3RGdkuLfh3uKJ/GmzkE+jyBXBGmo2hn/J/W2Dcw==",
      "dev": true
    },
    "node_modules/component-require": {
      "version": "0.3.1",
      "resolved": "https://registry.npmjs.org/component-require/-/component-require-0.3.1.tgz",
      "integrity": "sha512-MpKgc0kIW93KPY2ew6Y0owtJiRtHJO6vJVtxst26FxNrtBdLHQ3k/rTbfSZSJ09F4QHUiKLh6fxZd3U2FZPHAg==",
      "dev": true
    },
    "node_modules/cookiejar": {
      "version": "1.3.0",
      "resolved": "https://registry.npmjs.org/cookiejar/-/cookiejar-1.3.0.tgz",
      "integrity": "sha512-U+NgxxtwHIokuL04FqKEkqsaWBDtnCQo+wvYjUCtBA56Lcg8vpV3SGtBx+RAmw92SV3VT8PwsYcCFK/cC3Dw+A==",
      "dev": true,
      "engines": {
        "node": "*"
      }
    },
    "node_modules/cp": {
      "version": "0.1.1",
      "resolved": "https://registry.npmjs.org/cp/-/cp-0.1.1.tgz",
      "integrity": "sha512-ht9oKVsn1lAqV8FdUuSwBUQB8AG2cSyYbPim/mEwj+Dt3d21IRu2H5diDumMpKb77tsIAGM3eU484KvcTrPvHw==",
      "dev": true,
      "license": "MIT"
    },
    "node_modules/debug": {
      "version": "4.3.7",
      "resolved": "https://registry.npmjs.org/debug/-/debug-4.3.7.tgz",
      "integrity": "sha512-Er2nc/H7RrMXZBFCEim6TCmMk02Z8vLC2Rbi1KEBggpo0fS6l0S1nnapwmIi3yW/+GOJap1Krg4w0Hg80oCqgQ==",
      "dev": true,
      "license": "MIT",
      "dependencies": {
        "ms": "^2.1.3"
      },
      "engines": {
        "node": ">=6.0"
      },
      "peerDependenciesMeta": {
        "supports-color": {
          "optional": true
        }
      }
    },
    "node_modules/decamelize": {
      "version": "1.2.0",
      "resolved": "https://registry.npmjs.org/decamelize/-/decamelize-1.2.0.tgz",
      "integrity": "sha512-z2S+W9X73hAUUki+N+9Za2lBlun89zigOyGrsax+KUQ6wKW4ZoWpEYBkGhQjwAjjDCkWxhY0VKEhk8wzY7F5cA==",
      "dev": true,
      "license": "MIT",
      "engines": {
        "node": ">=0.10.0"
      }
    },
    "node_modules/emitter-component": {
      "version": "1.0.0",
      "resolved": "https://registry.npmjs.org/emitter-component/-/emitter-component-1.0.0.tgz",
      "integrity": "sha512-GZrLdp4Z7OERecoYQYElVVqf6/gcbGUs8nvaE+nmu2dGy453lLgGyPLNX9DdSyojdMqI86fCT9XQqsWJymciEw==",
      "dev": true
    },
    "node_modules/extend": {
      "version": "3.0.2",
      "resolved": "https://registry.npmjs.org/extend/-/extend-3.0.2.tgz",
      "integrity": "sha512-fjquC59cD7CyW6urNXK0FBufkZcoiGG80wTuPujX590cB5Ttln20E2UB4S/WARVqhXffZl2LNgS+gQdPIIim/g==",
      "dev": true,
      "license": "MIT"
    },
    "node_modules/formidable": {
      "version": "1.0.14",
      "resolved": "https://registry.npmjs.org/formidable/-/formidable-1.0.14.tgz",
      "integrity": "sha512-aOskFHEfYwkSKSzGui5jhQ+uyLo2NTwpzhndggz2YZHlv0HkAi+zG5ZEBCL3GTvqLyr/FzX9Mvx9DueCmu2HzQ==",
      "deprecated": "Please upgrade to latest, formidable@v2 or formidable@v3! Check these notes: https://bit.ly/2ZEqIau",
      "dev": true,
      "engines": {
        "node": ">=0.8.0"
      }
    },
    "node_modules/graceful-fs": {
      "version": "1.2.3",
      "resolved": "https://registry.npmjs.org/graceful-fs/-/graceful-fs-1.2.3.tgz",
      "integrity": "sha512-iiTUZ5vZ+2ZV+h71XAgwCSu6+NAizhFU3Yw8aC/hH5SQ3SnISqEqAek40imAFGtDcwJKNhXvSY+hzIolnLwcdQ==",
      "deprecated": "please upgrade to graceful-fs 4 for compatibility with current and future versions of Node.js",
      "dev": true,
      "license": "BSD",
      "optional": true,
      "engines": {
        "node": ">=0.4.0"
      }
    },
    "node_modules/http-proxy-agent": {
      "version": "0.2.7",
      "resolved": "https://registry.npmjs.org/http-proxy-agent/-/http-proxy-agent-0.2.7.tgz",
      "integrity": "sha512-9W3grrlsrW2kRGNRbGkBNVFx4voQS1H1TxWR60MVHKQ+rw+kRtA9JXVGQiiDgYsp315Ex5HPk+3it4lBNyk4WA==",
      "dev": true,
      "license": "MIT",
      "dependencies": {
        "agent-base": "~1.0.1",
        "debug": "2",
        "extend": "3"
      }
    },
    "node_modules/http-proxy-agent/node_modules/debug": {
      "version": "2.6.9",
      "resolved": "https://registry.npmjs.org/debug/-/debug-2.6.9.tgz",
      "integrity": "sha512-bC7ElrdJaJnPbAP+1EotYvqZsb3ecl5wi6Bfi6BJTUcNowp6cvspg0jXznRTKDjm/E7AdgFBVeAPVMNcKGsHMA==",
      "dev": true,
      "license": "MIT",
      "dependencies": {
        "ms": "2.0.0"
      }
    },
    "node_modules/http-proxy-agent/node_modules/ms": {
      "version": "2.0.0",
      "resolved": "https://registry.npmjs.org/ms/-/ms-2.0.0.tgz",
      "integrity": "sha512-Tpp60P6IUJDTuOq/5Z8cdskzJujfwqfOTkrwIwj7IRISpnkJnT6SyJ4PCPnGMoFjC9ddhal5KVIYtAt97ix05A==",
      "dev": true,
      "license": "MIT"
    },
    "node_modules/https-proxy-agent": {
      "version": "0.3.6",
      "resolved": "https://registry.npmjs.org/https-proxy-agent/-/https-proxy-agent-0.3.6.tgz",
      "integrity": "sha512-ZuLafAeUu97abfbpAO9Cwjl3slsx6yZ7apTYBNVtMdoDhlVzUhxXO0qh+Xxqc5FAm7oq747k2jjbICYJdEYShg==",
      "dev": true,
      "license": "MIT",
      "dependencies": {
        "agent-base": "~1.0.1",
        "debug": "2",
        "extend": "3"
      }
    },
    "node_modules/https-proxy-agent/node_modules/debug": {
      "version": "2.6.9",
      "resolved": "https://registry.npmjs.org/debug/-/debug-2.6.9.tgz",
      "integrity": "sha512-bC7ElrdJaJnPbAP+1EotYvqZsb3ecl5wi6Bfi6BJTUcNowp6cvspg0jXznRTKDjm/E7AdgFBVeAPVMNcKGsHMA==",
      "dev": true,
      "license": "MIT",
      "dependencies": {
        "ms": "2.0.0"
      }
    },
    "node_modules/https-proxy-agent/node_modules/ms": {
      "version": "2.0.0",
      "resolved": "https://registry.npmjs.org/ms/-/ms-2.0.0.tgz",
      "integrity": "sha512-Tpp60P6IUJDTuOq/5Z8cdskzJujfwqfOTkrwIwj7IRISpnkJnT6SyJ4PCPnGMoFjC9ddhal5KVIYtAt97ix05A==",
      "dev": true,
      "license": "MIT"
    },
    "node_modules/jog": {
      "version": "0.4.0",
      "resolved": "https://registry.npmjs.org/jog/-/jog-0.4.0.tgz",
      "integrity": "sha512-yhLpqkWesxFD7uI5X9Jzzu5gOlnpuzcURpVxzuLePLCBizhWlKrHzR+Rln2Ror/WiU+nteey8DFINisKeC64wA==",
      "dev": true,
      "dependencies": {
        "commander": "0.5.2",
        "debug": "*",
        "ms": "0.1.0",
        "redis": "0.7.1"
      },
      "bin": {
        "jog": "bin/jog"
      },
      "engines": {
        "node": "*"
      }
    },
    "node_modules/jog/node_modules/commander": {
      "version": "0.5.2",
      "resolved": "https://registry.npmjs.org/commander/-/commander-0.5.2.tgz",
      "integrity": "sha512-/IKo89++b1UhClEhWvKk00gKgw6iwvwD8TOPTqqN9AyvjgPCnf9OrjnDNY3dPDOj+K+OhN9SRjYQH0AfX0bROw==",
      "dev": true,
      "engines": {
        "node": ">= 0.4.x"
      }
    },
    "node_modules/jog/node_modules/ms": {
      "version": "0.1.0",
      "resolved": "https://registry.npmjs.org/ms/-/ms-0.1.0.tgz",
      "integrity": "sha512-7uwYj3Xip4rOFpe5dDy+C25Ad0nAXkT4yAVMSpuh1UYR2Z7tAswSh4wb/HghRa533wofFUsvg54OQ90Mu1dCJg==",
      "dev": true,
      "engines": {
        "node": "*"
      }
    },
    "node_modules/keypress": {
      "version": "0.1.0",
      "resolved": "https://registry.npmjs.org/keypress/-/keypress-0.1.0.tgz",
      "integrity": "sha512-x0yf9PL/nx9Nw9oLL8ZVErFAk85/lslwEP7Vz7s5SI1ODXZIgit3C5qyWjw4DxOuO/3Hb4866SQh28a1V1d+WA==",
      "dev": true,
      "license": "MIT"
    },
    "node_modules/methods": {
      "version": "0.0.1",
      "resolved": "https://registry.npmjs.org/methods/-/methods-0.0.1.tgz",
      "integrity": "sha512-pB8oFfci/xcfUgM6DTxc7lbTKifPPgs3mZUOsEgaH+1TTWpmcmv3sHl+5sUHIj2X2W8aPYa2+nJealRHK+Lo6A==",
      "dev": true,
      "license": "MIT"
    },
    "node_modules/mime": {
      "version": "1.2.5",
      "resolved": "https://registry.npmjs.org/mime/-/mime-1.2.5.tgz",
      "integrity": "sha512-QfwTOA+zRHSZXxl9Y7ue5ifKDhU1prnh0dO67Vgcl7Lcx0+79vL9A1ln0qtVur8CFSdYq5Zhnw9DDZQgwDh8Ng==",
      "dev": true,
      "engines": {
        "node": "*"
      }
    },
    "node_modules/mkdirp": {
      "version": "0.3.4",
      "resolved": "https://registry.npmjs.org/mkdirp/-/mkdirp-0.3.4.tgz",
      "integrity": "sha512-sZObLj65ImOahHTaycVJF559muyAvv1hYyBQSfVfZq9ajpgY9Da+cRQzbXDfsKJTwUMUABRjBMDHieYqbHKx0g==",
      "deprecated": "Legacy versions of mkdirp are no longer supported. Please update to mkdirp 1.x. (Note that the API surface has changed to use Promises in 1.x.)",
      "dev": true,
      "license": "MIT/X11",
      "engines": {
        "node": "*"
      }
    },
    "node_modules/ms": {
      "version": "2.1.3",
      "resolved": "https://registry.npmjs.org/ms/-/ms-2.1.3.tgz",
      "integrity": "sha512-6FlzubTLZG3J2a/NVCAleEhjzq5oxgHyaCU9yYXvcLsvoVaHJq/s5xXI6/XXP6tz7R9xAOtHnSO/tXtF3WRTlA==",
      "dev": true,
      "license": "MIT"
    },
    "node_modules/netrc": {
      "version": "0.1.4",
      "resolved": "https://registry.npmjs.org/netrc/-/netrc-0.1.4.tgz",
      "integrity": "sha512-ye8AIYWQcP9MvoM1i0Z2jV0qed31Z8EWXYnyGNkiUAd+Fo8J+7uy90xTV8g/oAbhtjkY7iZbNTizQaXdKUuwpQ==",
      "dev": true,
      "license": "MIT"
    },
    "node_modules/open": {
      "version": "0.0.4",
      "resolved": "https://registry.npmjs.org/open/-/open-0.0.4.tgz",
      "integrity": "sha512-89TW6JswxDIlkXZ6gBscNCE7x+A3oN/J0OqGhiLNhFnWiphTVnXOMsi5ggo72DqpB5PzinTu9ZU508z7Af2TnA==",
      "dev": true,
      "license": "MIT",
      "engines": {
        "node": ">= 0.6.0"
      }
    },
    "node_modules/qs": {
      "version": "0.6.5",
      "resolved": "https://registry.npmjs.org/qs/-/qs-0.6.5.tgz",
      "integrity": "sha512-n7wA/f30O3SsOw2BVkGUDzjWMw7kXvQJWKtDdgfq5HJvDoad+Jbc6osN1AQ0Iain5plo9e7Cs5fE+xR+DVkPTw==",
      "dev": true,
      "engines": {
        "node": "*"
      }
    },
    "node_modules/rainbowsocks": {
      "version": "0.1.3",
      "resolved": "https://registry.npmjs.org/rainbowsocks/-/rainbowsocks-0.1.3.tgz",
      "integrity": "sha512-/dfeXfgrecw1gCxmgfASMEYxAGLfztnXIwYoXTk4+I2qJY8oLmhKqlYZP7RTeuFPOQHQPCr0U0TbFG/k2fZgjg==",
      "dev": true,
      "license": "MIT",
      "dependencies": {
        "debug": "~2.2.0"
      }
    },
    "node_modules/rainbowsocks/node_modules/debug": {
      "version": "2.2.0",
      "resolved": "https://registry.npmjs.org/debug/-/debug-2.2.0.tgz",
      "integrity": "sha512-X0rGvJcskG1c3TgSCPqHJ0XJgwlcvOC7elJ5Y0hYuKBZoVqWpAMfLOeIh2UI/DCQ5ruodIjvsugZtjUYUw2pUw==",
      "dev": true,
      "license": "MIT",
      "dependencies": {
        "ms": "0.7.1"
      }
    },
    "node_modules/rainbowsocks/node_modules/ms": {
      "version": "0.7.1",
      "resolved": "https://registry.npmjs.org/ms/-/ms-0.7.1.tgz",
      "integrity": "sha512-lRLiIR9fSNpnP6TC4v8+4OU7oStC01esuNowdQ34L+Gk8e5Puoc88IqJ+XAY/B3Mn2ZKis8l8HX90oU8ivzUHg==",
      "dev": true
    },
    "node_modules/redis": {
      "version": "0.7.1",
      "resolved": "https://registry.npmjs.org/redis/-/redis-0.7.1.tgz",
      "integrity": "sha512-kG/XY5DBOBo7NngF4+Ylj5FSbcjxGPHayDfjaGPAXTzay0f4vo+zFd4YPkL+2ANAkxQJYDISfoDa/qjgnYphCw==",
      "dev": true,
      "engines": {
        "node": "*"
      }
    },
    "node_modules/rimraf": {
      "version": "2.1.4",
      "resolved": "https://registry.npmjs.org/rimraf/-/rimraf-2.1.4.tgz",
      "integrity": "sha512-tzwmX16YQhcFu0T/m0gHBcFKx6yQAg77Z6WWaQSJsUekXYa6yaAmHhrDdmFicgauX/er7GsdN+vRao3mBhA4kQ==",
      "deprecated": "Rimraf versions prior to v4 are no longer supported",
      "dev": true,
      "license": "MIT",
      "optionalDependencies": {
        "graceful-fs": "~1"
      }
    },
    "node_modules/socks-proxy-agent": {
      "version": "0.1.2",
      "resolved": "https://registry.npmjs.org/socks-proxy-agent/-/socks-proxy-agent-0.1.2.tgz",
      "integrity": "sha512-A6HCJpilsagbgSHmNbd6SdW5grzIn+UwJwughjFtSM9FldW44DJcdONeqVU74JNsJca5SDj7ParjW9aLKkNc4g==",
      "dev": true,
      "license": "MIT",
      "dependencies": {
        "agent-base": "~1.0.1",
        "extend": "~1.2.1",
        "rainbowsocks": "~0.1.2"
      }
    },
    "node_modules/socks-proxy-agent/node_modules/extend": {
      "version": "1.2.1",
      "resolved": "https://registry.npmjs.org/extend/-/extend-1.2.1.tgz",
      "integrity": "sha512-2/JwIYRpMBDSjbQjUUppNSrmc719crhFaWIdT+TRSVA8gE+6HEobQWqJ6VkPt/H8twS7h/0WWs7veh8wmp98Ng==",
      "dev": true
    },
    "node_modules/source-map": {
      "version": "0.1.34",
      "resolved": "https://registry.npmjs.org/source-map/-/source-map-0.1.34.tgz",
      "integrity": "sha512-yfCwDj0vR9RTwt3pEzglgb3ZgmcXHt6DjG3bjJvzPwTL+5zDQ2MhmSzAcTy0GTiQuCiriSWXvWM1/NhKdXuoQA==",
      "dev": true,
      "dependencies": {
        "amdefine": ">=0.0.4"
      },
      "engines": {
        "node": ">=0.8.0"
      }
    },
    "node_modules/string-to-js": {
      "version": "0.0.1",
      "resolved": "https://registry.npmjs.org/string-to-js/-/string-to-js-0.0.1.tgz",
      "integrity": "sha512-6/1FZ26C+iPY1+cfbScGQ91Br3ZixQn13s/wiOwVBMHZr/OrzrOcAp64li6OeoM1WiG8MZIk9kJZE5Q+Vr8dDg==",
      "dev": true
    },
    "node_modules/superagent": {
      "version": "0.15.3",
      "resolved": "https://registry.npmjs.org/superagent/-/superagent-0.15.3.tgz",
      "integrity": "sha512-PSYnen8vHPQeZNn25BPo146evL0EO2FgMCcHvC7xghasVZPuS/ubiI9A1w4O7gCf1IJ0sx6gdlu9Xeuussr6Uw==",
      "deprecated": "Please upgrade to v9.0.0+ as we have fixed a public vulnerability with formidable dependency. Note that v9.0.0+ requires Node.js v14.18.0+. See https://github.com/ladjs/superagent/pull/1800 for insight. This project is supported and maintained by the team at Forward Email @ https://forwardemail.net",
      "dev": true,
      "dependencies": {
        "cookiejar": "1.3.0",
        "debug": "~0.7.2",
        "emitter-component": "1.0.0",
        "formidable": "1.0.14",
        "methods": "0.0.1",
        "mime": "1.2.5",
        "qs": "0.6.5"
      },
      "engines": {
        "node": "*"
      }
    },
    "node_modules/superagent-proxy": {
      "version": "0.0.1",
      "resolved": "https://registry.npmjs.org/superagent-proxy/-/superagent-proxy-0.0.1.tgz",
      "integrity": "sha512-AaMG2jcK0qW8nPUvh1Y5p5yu5TygzKZ4MSHtvtA6VF3Pk0q6GNoyaeY/MxsIjye+SSD3LqbUIfbmGRM2QqCxbw==",
      "dev": true,
      "license": "MIT",
      "dependencies": {
        "http-proxy-agent": "0",
        "https-proxy-agent": "0",
        "socks-proxy-agent": "0"
      },
      "peerDependencies": {
        "superagent": "0"
      }
    },
    "node_modules/superagent/node_modules/debug": {
      "version": "0.7.4",
      "resolved": "https://registry.npmjs.org/debug/-/debug-0.7.4.tgz",
      "integrity": "sha512-EohAb3+DSHSGx8carOSKJe8G0ayV5/i609OD0J2orCkuyae7SyZSz2aoLmQF2s0Pj5gITDebwPH7GFBlqOUQ1Q==",
      "dev": true,
      "engines": {
        "node": "*"
      }
    },
    "node_modules/transitionize": {
      "resolved": "",
      "link": true
    },
    "node_modules/uglify-js": {
      "version": "2.4.24",
      "resolved": "https://registry.npmjs.org/uglify-js/-/uglify-js-2.4.24.tgz",
      "integrity": "sha512-tktIjwackfZLd893KGJmXc1hrRHH1vH9Po3xFh1XBjjeGAnN02xJ3SuoA+n1L29/ZaCA18KzCFlckS+vfPugiA==",
      "dev": true,
      "license": "BSD",
      "dependencies": {
        "async": "~0.2.6",
        "source-map": "0.1.34",
        "uglify-to-browserify": "~1.0.0",
        "yargs": "~3.5.4"
      },
      "bin": {
        "uglifyjs": "bin/uglifyjs"
      },
      "engines": {
        "node": ">=0.4.0"
      }
    },
    "node_modules/uglify-to-browserify": {
      "version": "1.0.2",
      "resolved": "https://registry.npmjs.org/uglify-to-browserify/-/uglify-to-browserify-1.0.2.tgz",
      "integrity": "sha512-vb2s1lYx2xBtUgy+ta+b2J/GLVUR+wmpINwHePmPRhOsIVCG2wDzKJ0n14GslH1BifsqVzSOwQhRaCAsZ/nI4Q==",
      "dev": true,
      "license": "MIT"
    },
    "node_modules/win-fork": {
      "version": "1.0.0",
      "resolved": "https://registry.npmjs.org/win-fork/-/win-fork-1.0.0.tgz",
      "integrity": "sha512-iFsJSmXuUuGQKyCMx5pWPj0/jdLbpPAofFqbXDB8vOu2KjBmx3e8WO5heBtn0HTZ/MYVSMebx18f48Oe4bRn8Q==",
      "dev": true,
      "license": "BSD"
    },
    "node_modules/window-size": {
      "version": "0.1.0",
      "resolved": "https://registry.npmjs.org/window-size/-/window-size-0.1.0.tgz",
      "integrity": "sha512-1pTPQDKTdd61ozlKGNCjhNRd+KPmgLSGa3mZTHoOliaGcESD8G1PXhh7c1fgiPjVbNVfgy2Faw4BI8/m0cC8Mg==",
      "dev": true,
      "engines": {
        "node": ">= 0.8.0"
      }
    },
    "node_modules/wordwrap": {
      "version": "0.0.2",
      "resolved": "https://registry.npmjs.org/wordwrap/-/wordwrap-0.0.2.tgz",
      "integrity": "sha512-xSBsCeh+g+dinoBv3GAOWM4LcVVO68wLXRanibtBSdUvkGWQRGeE9P7IwU9EmDDi4jA6L44lz15CGMwdw9N5+Q==",
      "dev": true,
      "license": "MIT/X11",
      "engines": {
        "node": ">=0.4.0"
      }
    },
    "node_modules/yargs": {
      "version": "3.5.4",
      "resolved": "https://registry.npmjs.org/yargs/-/yargs-3.5.4.tgz",
      "integrity": "sha512-5j382E4xQSs71p/xZQsU1PtRA2HXPAjX0E0DkoGLxwNASMOKX6A9doV1NrZmj85u2Pjquz402qonBzz/yLPbPA==",
      "dev": true,
      "license": "MIT/X11",
      "dependencies": {
        "camelcase": "^1.0.2",
        "decamelize": "^1.0.0",
        "window-size": "0.1.0",
        "wordwrap": "0.0.2"
      }
    }
  }
}
